<?xml version="1.0" encoding="utf-8"?>
<Project ToolsVersion="4.0" xmlns="http://schemas.microsoft.com/developer/msbuild/2003">
  <ItemGroup>
    <Filter Include="Source Files">
      <UniqueIdentifier>{4FC737F1-C7A5-4376-A066-2A32D752A2FF}</UniqueIdentifier>
      <Extensions>cpp;c;cc;cxx;def;odl;idl;hpj;bat;asm;asmx</Extensions>
    </Filter>
    <Filter Include="Header Files">
      <UniqueIdentifier>{93995380-89BD-4b04-88EB-625FBE52EBFB}</UniqueIdentifier>
      <Extensions>h;hh;hpp;hxx;hm;inl;inc;ipp;xsd</Extensions>
    </Filter>
    <Filter Include="Resource Files">
      <UniqueIdentifier>{67DA6AB6-F800-4c08-8B7A-83BB121AAD01}</UniqueIdentifier>
      <Extensions>rc;ico;cur;bmp;dlg;rc2;rct;bin;rgs;gif;jpg;jpeg;jpe;resx;tiff;tif;png;wav;mfcribbon-ms</Extensions>
    </Filter>
    <Filter Include="Shaders">
      <UniqueIdentifier>{a629010b-5fca-4075-8e7a-b92b55e22f18}</UniqueIdentifier>
    </Filter>
    <Filter Include="3rd party">
      <UniqueIdentifier>{455bd2ae-0d9e-4707-bb1a-641076cc14d7}</UniqueIdentifier>
    </Filter>
    <Filter Include="Shaders\StateTransform">
      <UniqueIdentifier>{992e5b42-fac6-4296-97b7-128632441a10}</UniqueIdentifier>
    </Filter>
    <Filter Include="Shaders\ClearBoard">
      <UniqueIdentifier>{c556da24-d14e-4c5f-8836-8473baea47b1}</UniqueIdentifier>
    </Filter>
    <Filter Include="Shaders\Compare">
      <UniqueIdentifier>{e3a76de0-997d-4e4e-97cc-b3acd07a9116}</UniqueIdentifier>
    </Filter>
    <Filter Include="Shaders\Downscale">
      <UniqueIdentifier>{d7512c24-9135-4ec2-bcd9-0b8aa87e227e}</UniqueIdentifier>
    </Filter>
    <Filter Include="Shaders\NextStep">
      <UniqueIdentifier>{1baa414c-38ba-470d-9b15-af8e7384945b}</UniqueIdentifier>
    </Filter>
    <Filter Include="FileMgmt">
      <UniqueIdentifier>{20ea0a95-95f3-4f31-8ee6-620b04b04129}</UniqueIdentifier>
    </Filter>
    <Filter Include="App">
      <UniqueIdentifier>{e007a822-42a1-4179-99d9-d08b7d8eb7f8}</UniqueIdentifier>
    </Filter>
    <Filter Include="Computing">
      <UniqueIdentifier>{2bb0329d-50c6-43bf-9c0b-bf763c89f713}</UniqueIdentifier>
    </Filter>
    <Filter Include="Shaders\Render">
      <UniqueIdentifier>{08585943-e6e7-4d2d-81e9-b943ff12c33c}</UniqueIdentifier>
    </Filter>
    <Filter Include="Shaders\ClickRules">
      <UniqueIdentifier>{ba38e77f-b39a-4911-b193-b223003f8345}</UniqueIdentifier>
    </Filter>
  </ItemGroup>
  <ItemGroup>
    <ClCompile Include="Util.cpp">
      <Filter>Source Files</Filter>
    </ClCompile>
    <ClCompile Include="3rd party\WICTextureLoader.cpp">
      <Filter>3rd party</Filter>
    </ClCompile>
    <ClCompile Include="FileMgmt\PNGSaver.cpp">
      <Filter>FileMgmt</Filter>
    </ClCompile>
    <ClCompile Include="FileMgmt\FileHandle.cpp">
      <Filter>FileMgmt</Filter>
    </ClCompile>
    <ClCompile Include="FileMgmt\PNGOpener.cpp">
      <Filter>FileMgmt</Filter>
    </ClCompile>
    <ClCompile Include="App\WindowApp.cpp">
      <Filter>App</Filter>
    </ClCompile>
    <ClCompile Include="App\Renderer.cpp">
      <Filter>App</Filter>
    </ClCompile>
    <ClCompile Include="main.cpp">
      <Filter>Source Files</Filter>
    </ClCompile>
    <ClCompile Include="App\CommandLineArguments.cpp">
      <Filter>App</Filter>
    </ClCompile>
    <ClCompile Include="Computing\BoardLoader.cpp">
      <Filter>Computing</Filter>
    </ClCompile>
    <ClCompile Include="Computing\Downscaler.cpp">
      <Filter>Computing</Filter>
    </ClCompile>
    <ClCompile Include="Computing\EqualityChecker.cpp">
      <Filter>Computing</Filter>
    </ClCompile>
    <ClCompile Include="Computing\FractalGen.cpp">
      <Filter>Computing</Filter>
    </ClCompile>
    <ClCompile Include="Computing\StabilityCalculator.cpp">
      <Filter>Computing</Filter>
    </ClCompile>
    <ClCompile Include="Computing\FinalTransform.cpp">
      <Filter>Computing</Filter>
    </ClCompile>
    <ClCompile Include="Computing\BoardSaver.cpp">
      <Filter>Computing</Filter>
    </ClCompile>
    <ClCompile Include="Computing\ClickRules.cpp">
      <Filter>Computing</Filter>
    </ClCompile>
    <ClCompile Include="App\FileDialog.cpp">
      <Filter>App</Filter>
    </ClCompile>
    <ClCompile Include="Computing\DefaultBoards.cpp">
      <Filter>Computing</Filter>
    </ClCompile>
    <ClCompile Include="Computing\Boards.cpp">
      <Filter>Computing</Filter>
    </ClCompile>
    <ClCompile Include="App\DisplayRenderer.cpp">
      <Filter>App</Filter>
    </ClCompile>
    <ClCompile Include="App\ConsoleApp.cpp">
      <Filter>App</Filter>
    </ClCompile>
    <ClCompile Include="App\StafraApp.cpp">
      <Filter>App</Filter>
    </ClCompile>
    <ClCompile Include="App\ConsoleLogger.cpp">
      <Filter>App</Filter>
    </ClCompile>
    <ClCompile Include="App\WindowLogger.cpp">
      <Filter>App</Filter>
    </ClCompile>
  </ItemGroup>
  <ItemGroup>
    <ClInclude Include="Util.hpp">
      <Filter>Header Files</Filter>
    </ClInclude>
    <ClInclude Include="3rd party\WICTextureLoader.h">
      <Filter>3rd party</Filter>
    </ClInclude>
    <ClInclude Include="FileMgmt\PNGOpener.hpp">
      <Filter>FileMgmt</Filter>
    </ClInclude>
    <ClInclude Include="FileMgmt\PNGSaver.hpp">
      <Filter>FileMgmt</Filter>
    </ClInclude>
    <ClInclude Include="FileMgmt\FileHandle.hpp">
      <Filter>FileMgmt</Filter>
    </ClInclude>
    <ClInclude Include="App\Renderer.hpp">
      <Filter>App</Filter>
    </ClInclude>
    <ClInclude Include="App\WindowApp.hpp">
      <Filter>App</Filter>
    </ClInclude>
    <ClInclude Include="App\CommandLineArguments.hpp">
      <Filter>App</Filter>
    </ClInclude>
    <ClInclude Include="Computing\StabilityCalculator.hpp">
      <Filter>Computing</Filter>
    </ClInclude>
    <ClInclude Include="Computing\BoardLoader.hpp">
      <Filter>Computing</Filter>
    </ClInclude>
    <ClInclude Include="Computing\Downscaler.hpp">
      <Filter>Computing</Filter>
    </ClInclude>
    <ClInclude Include="Computing\EqualityChecker.hpp">
      <Filter>Computing</Filter>
    </ClInclude>
    <ClInclude Include="Computing\FractalGen.hpp">
      <Filter>Computing</Filter>
    </ClInclude>
    <ClInclude Include="Computing\FinalTransform.hpp">
      <Filter>Computing</Filter>
    </ClInclude>
    <ClInclude Include="Computing\BoardSaver.hpp">
      <Filter>Computing</Filter>
    </ClInclude>
    <ClInclude Include="Computing\ClickRules.hpp">
      <Filter>Computing</Filter>
    </ClInclude>
    <ClInclude Include="App\FileDialog.hpp">
      <Filter>App</Filter>
    </ClInclude>
    <ClInclude Include="Computing\DefaultBoards.hpp">
      <Filter>Computing</Filter>
    </ClInclude>
    <ClInclude Include="Computing\Boards.hpp">
      <Filter>Computing</Filter>
    </ClInclude>
    <ClInclude Include="App\DisplayRenderer.hpp">
      <Filter>App</Filter>
    </ClInclude>
    <ClInclude Include="App\ConsoleApp.hpp">
      <Filter>App</Filter>
    </ClInclude>
    <ClInclude Include="App\StafraApp.hpp">
      <Filter>App</Filter>
    </ClInclude>
    <ClInclude Include="App\Logger.hpp">
      <Filter>App</Filter>
    </ClInclude>
    <ClInclude Include="App\ConsoleLogger.hpp">
      <Filter>App</Filter>
    </ClInclude>
    <ClInclude Include="App\WindowLogger.hpp">
      <Filter>App</Filter>
    </ClInclude>
    <ClInclude Include="App\WindowConstants.hpp">
      <Filter>Header Files</Filter>
    </ClInclude>
  </ItemGroup>
  <ItemGroup>
    <FxCompile Include="Shaders\ClearBoard\Clear4SidesCS.hlsl">
      <Filter>Shaders\ClearBoard</Filter>
    </FxCompile>
    <FxCompile Include="Shaders\ClearBoard\Clear4CornersCS.hlsl">
      <Filter>Shaders\ClearBoard</Filter>
    </FxCompile>
    <FxCompile Include="Shaders\ClickRules\ChangeCellStateCS.hlsl">
      <Filter>Shaders\ClickRules</Filter>
    </FxCompile>
    <FxCompile Include="Shaders\ClickRules\BakeClickRuleCS.hlsl">
      <Filter>Shaders\ClickRules</Filter>
    </FxCompile>
    <FxCompile Include="Shaders\Compare\CompareBoardsStartCS.hlsl">
      <Filter>Shaders\Compare</Filter>
    </FxCompile>
    <FxCompile Include="Shaders\Compare\CompareBoardsFinalCS.hlsl">
      <Filter>Shaders\Compare</Filter>
    </FxCompile>
    <FxCompile Include="Shaders\Compare\CompareBoardsShrinkCS.hlsl">
      <Filter>Shaders\Compare</Filter>
    </FxCompile>
    <FxCompile Include="Shaders\Downscale\DownscaleBigPicturePS.hlsl">
      <Filter>Shaders\Downscale</Filter>
    </FxCompile>
    <FxCompile Include="Shaders\Downscale\DownscaleBigPictureVS.hlsl">
      <Filter>Shaders\Downscale</Filter>
    </FxCompile>
    <FxCompile Include="Shaders\NextStep\StabilityNextStepSpawnClickRuleCS.hlsl">
      <Filter>Shaders\NextStep</Filter>
    </FxCompile>
    <FxCompile Include="Shaders\NextStep\StabilityNextStepSpawnClickRuleRestrictedCS.hlsl">
      <Filter>Shaders\NextStep</Filter>
    </FxCompile>
    <FxCompile Include="Shaders\NextStep\StabilityNextStepSpawnCS.hlsl">
      <Filter>Shaders\NextStep</Filter>
    </FxCompile>
    <FxCompile Include="Shaders\NextStep\StabilityNextStepSpawnRestrictedCS.hlsl">
      <Filter>Shaders\NextStep</Filter>
    </FxCompile>
    <FxCompile Include="Shaders\NextStep\StabilityNextStepClickRuleCS.hlsl">
      <Filter>Shaders\NextStep</Filter>
    </FxCompile>
    <FxCompile Include="Shaders\NextStep\StabilityNextStepClickRuleRestrictedCS.hlsl">
      <Filter>Shaders\NextStep</Filter>
    </FxCompile>
    <FxCompile Include="Shaders\NextStep\StabilityNextStepCS.hlsl">
      <Filter>Shaders\NextStep</Filter>
    </FxCompile>
    <FxCompile Include="Shaders\NextStep\StabilityNextStepRestrictedCS.hlsl">
      <Filter>Shaders\NextStep</Filter>
    </FxCompile>
    <FxCompile Include="Shaders\Render\RenderVS.hlsl">
      <Filter>Shaders\Render</Filter>
    </FxCompile>
    <FxCompile Include="Shaders\Render\RenderClickRulePS.hlsl">
      <Filter>Shaders\Render</Filter>
    </FxCompile>
    <FxCompile Include="Shaders\Render\RenderPS.hlsl">
      <Filter>Shaders\Render</Filter>
    </FxCompile>
    <FxCompile Include="Shaders\StateTransform\InitialStateTransformCS.hlsl">
      <Filter>Shaders\StateTransform</Filter>
    </FxCompile>
    <FxCompile Include="Shaders\StateTransform\FinalStateTransformCS.hlsl">
      <Filter>Shaders\StateTransform</Filter>
    </FxCompile>
    <FxCompile Include="Shaders\StateTransform\FinalStateTransformSmoothCS.hlsl">
      <Filter>Shaders\StateTransform</Filter>
    </FxCompile>
  </ItemGroup>
</Project>